
Microsoft Visual Studio Solution File, Format Version 12.00
# Visual Studio Version 17
VisualStudioVersion = 17.0.31903.59
MinimumVisualStudioVersion = 10.0.40219.1
Project("{9A19103F-16F7-4668-BE54-9A1E7A4F7556}") = "Interface", "Interface\Interface.csproj", "{9B316173-1810-4B5E-B36E-000FD1D601F8}"
EndProject
Project("{2150E333-8FDC-42A3-9474-1A3956D46DE8}") = "src", "src", "{4B168DD6-48EE-4B13-B7EA-924C52651D72}"
EndProject
Project("{9A19103F-16F7-4668-BE54-9A1E7A4F7556}") = "Ordering.Api", "src\Ordering\Ordering.Api\Ordering.Api.csproj", "{2EC239DF-393E-4DF2-92A0-9C1D2074D3BC}"
EndProject
Project("{9A19103F-16F7-4668-BE54-9A1E7A4F7556}") = "Shared", "src\Shared\Shared.csproj", "{BD37C98C-0DBC-46E8-B154-B4C6B313BF75}"
EndProject
Project("{9A19103F-16F7-4668-BE54-9A1E7A4F7556}") = "Producting.Api", "src\Product\Producting.Api\Producting.Api.csproj", "{E07E15A3-2C86-4A5E-BDB0-D99255D059F0}"
EndProject
Global
	GlobalSection(SolutionConfigurationPlatforms) = preSolution
		Debug|Any CPU = Debug|Any CPU
		Release|Any CPU = Release|Any CPU
	EndGlobalSection
	GlobalSection(ProjectConfigurationPlatforms) = postSolution
		{9B316173-1810-4B5E-B36E-000FD1D601F8}.Debug|Any CPU.ActiveCfg = Debug|Any CPU
		{9B316173-1810-4B5E-B36E-000FD1D601F8}.Debug|Any CPU.Build.0 = Debug|Any CPU
		{9B316173-1810-4B5E-B36E-000FD1D601F8}.Release|Any CPU.ActiveCfg = Release|Any CPU
		{9B316173-1810-4B5E-B36E-000FD1D601F8}.Release|Any CPU.Build.0 = Release|Any CPU
		{2EC239DF-393E-4DF2-92A0-9C1D2074D3BC}.Debug|Any CPU.ActiveCfg = Debug|Any CPU
		{2EC239DF-393E-4DF2-92A0-9C1D2074D3BC}.Debug|Any CPU.Build.0 = Debug|Any CPU
		{2EC239DF-393E-4DF2-92A0-9C1D2074D3BC}.Release|Any CPU.ActiveCfg = Release|Any CPU
		{2EC239DF-393E-4DF2-92A0-9C1D2074D3BC}.Release|Any CPU.Build.0 = Release|Any CPU
		{BD37C98C-0DBC-46E8-B154-B4C6B313BF75}.Debug|Any CPU.ActiveCfg = Debug|Any CPU
		{BD37C98C-0DBC-46E8-B154-B4C6B313BF75}.Debug|Any CPU.Build.0 = Debug|Any CPU
		{BD37C98C-0DBC-46E8-B154-B4C6B313BF75}.Release|Any CPU.ActiveCfg = Release|Any CPU
		{BD37C98C-0DBC-46E8-B154-B4C6B313BF75}.Release|Any CPU.Build.0 = Release|Any CPU
		{E07E15A3-2C86-4A5E-BDB0-D99255D059F0}.Debug|Any CPU.ActiveCfg = Debug|Any CPU
		{E07E15A3-2C86-4A5E-BDB0-D99255D059F0}.Debug|Any CPU.Build.0 = Debug|Any CPU
		{E07E15A3-2C86-4A5E-BDB0-D99255D059F0}.Release|Any CPU.ActiveCfg = Release|Any CPU
		{E07E15A3-2C86-4A5E-BDB0-D99255D059F0}.Release|Any CPU.Build.0 = Release|Any CPU
	EndGlobalSection
	GlobalSection(SolutionProperties) = preSolution
		HideSolutionNode = FALSE
	EndGlobalSection
	GlobalSection(NestedProjects) = preSolution
		{2EC239DF-393E-4DF2-92A0-9C1D2074D3BC} = {4B168DD6-48EE-4B13-B7EA-924C52651D72}
		{BD37C98C-0DBC-46E8-B154-B4C6B313BF75} = {4B168DD6-48EE-4B13-B7EA-924C52651D72}
		{E07E15A3-2C86-4A5E-BDB0-D99255D059F0} = {4B168DD6-48EE-4B13-B7EA-924C52651D72}
	EndGlobalSection
	GlobalSection(ExtensibilityGlobals) = postSolution
		SolutionGuid = {256A3AF1-83C2-4370-9A4F-38BC0570F6A8}
	EndGlobalSection
EndGlobal
